
Microsoft Visual Studio Solution File, Format Version 9.00
# Visual Studio 2005
Project("{FAE04EC0-301F-11D3-BF4B-00C04F79EFBC}") = "Lab4 Zad3", "Lab4 Zad3\Lab4 Zad3.csproj", "{270AC2AC-A1E5-4E6E-A13A-3F80D4A40379}"
EndProject
Global
	GlobalSection(SolutionConfigurationPlatforms) = preSolution
		Debug|Any CPU = Debug|Any CPU
		Release|Any CPU = Release|Any CPU
	EndGlobalSection
	GlobalSection(ProjectConfigurationPlatforms) = postSolution
		{270AC2AC-A1E5-4E6E-A13A-3F80D4A40379}.Debug|Any CPU.ActiveCfg = Debug|Any CPU
		{270AC2AC-A1E5-4E6E-A13A-3F80D4A40379}.Debug|Any CPU.Build.0 = Debug|Any CPU
		{270AC2AC-A1E5-4E6E-A13A-3F80D4A40379}.Release|Any CPU.ActiveCfg = Release|Any CPU
		{270AC2AC-A1E5-4E6E-A13A-3F80D4A40379}.Release|Any CPU.Build.0 = Release|Any CPU
	EndGlobalSection
	GlobalSection(SolutionProperties) = preSolution
		HideSolutionNode = FALSE
	EndGlobalSection
EndGlobal
